
Microsoft Visual Studio Solution File, Format Version 12.00
# Visual Studio 2013
VisualStudioVersion = 12.0.31101.0
MinimumVisualStudioVersion = 10.0.40219.1
Project("{FAE04EC0-301F-11D3-BF4B-00C04F79EFBC}") = "Exerc_2_while", "Exerc_2_while\Exerc_2_while.csproj", "{C32239E9-BD12-47E1-B577-D3FE4CED4201}"
EndProject
Global
	GlobalSection(SolutionConfigurationPlatforms) = preSolution
		Debug|Any CPU = Debug|Any CPU
		Release|Any CPU = Release|Any CPU
	EndGlobalSection
	GlobalSection(ProjectConfigurationPlatforms) = postSolution
		{C32239E9-BD12-47E1-B577-D3FE4CED4201}.Debug|Any CPU.ActiveCfg = Debug|Any CPU
		{C32239E9-BD12-47E1-B577-D3FE4CED4201}.Debug|Any CPU.Build.0 = Debug|Any CPU
		{C32239E9-BD12-47E1-B577-D3FE4CED4201}.Release|Any CPU.ActiveCfg = Release|Any CPU
		{C32239E9-BD12-47E1-B577-D3FE4CED4201}.Release|Any CPU.Build.0 = Release|Any CPU
	EndGlobalSection
	GlobalSection(SolutionProperties) = preSolution
		HideSolutionNode = FALSE
	EndGlobalSection
EndGlobal
