
Microsoft Visual Studio Solution File, Format Version 12.00
# Visual Studio 2013
VisualStudioVersion = 12.0.31101.0
MinimumVisualStudioVersion = 10.0.40219.1
Project("{FAE04EC0-301F-11D3-BF4B-00C04F79EFBC}") = "Exerc_3_Cadastro_produtos", "Exerc_3_Cadastro_produtos\Exerc_3_Cadastro_produtos.csproj", "{A0A0AD16-51B6-4EE6-A152-1CF2CF5A926E}"
EndProject
Global
	GlobalSection(SolutionConfigurationPlatforms) = preSolution
		Debug|Any CPU = Debug|Any CPU
		Release|Any CPU = Release|Any CPU
	EndGlobalSection
	GlobalSection(ProjectConfigurationPlatforms) = postSolution
		{A0A0AD16-51B6-4EE6-A152-1CF2CF5A926E}.Debug|Any CPU.ActiveCfg = Debug|Any CPU
		{A0A0AD16-51B6-4EE6-A152-1CF2CF5A926E}.Debug|Any CPU.Build.0 = Debug|Any CPU
		{A0A0AD16-51B6-4EE6-A152-1CF2CF5A926E}.Release|Any CPU.ActiveCfg = Release|Any CPU
		{A0A0AD16-51B6-4EE6-A152-1CF2CF5A926E}.Release|Any CPU.Build.0 = Release|Any CPU
	EndGlobalSection
	GlobalSection(SolutionProperties) = preSolution
		HideSolutionNode = FALSE
	EndGlobalSection
EndGlobal
